
Microsoft Visual Studio Solution File, Format Version 12.00
# Visual Studio Version 17
VisualStudioVersion = 17.5.33502.453
MinimumVisualStudioVersion = 10.0.40219.1
Project("{9A19103F-16F7-4668-BE54-9A1E7A4F7556}") = "BatchHardLink_Console", "BatchHardLink_Console\BatchHardLink_Console.csproj", "{EC908083-6DCC-4264-B58B-285F43F3ED94}"
EndProject
Project("{FAE04EC0-301F-11D3-BF4B-00C04F79EFBC}") = "HardLink_Trigger", "HardLink_Trigger\HardLink_Trigger.csproj", "{330AF988-4DF8-46EA-99A2-A1ABC7E48078}"
EndProject
Global
	GlobalSection(SolutionConfigurationPlatforms) = preSolution
		Debug|Any CPU = Debug|Any CPU
		Release|Any CPU = Release|Any CPU
	EndGlobalSection
	GlobalSection(ProjectConfigurationPlatforms) = postSolution
		{EC908083-6DCC-4264-B58B-285F43F3ED94}.Debug|Any CPU.ActiveCfg = Debug|Any CPU
		{EC908083-6DCC-4264-B58B-285F43F3ED94}.Debug|Any CPU.Build.0 = Debug|Any CPU
		{EC908083-6DCC-4264-B58B-285F43F3ED94}.Release|Any CPU.ActiveCfg = Release|Any CPU
		{EC908083-6DCC-4264-B58B-285F43F3ED94}.Release|Any CPU.Build.0 = Release|Any CPU
		{330AF988-4DF8-46EA-99A2-A1ABC7E48078}.Debug|Any CPU.ActiveCfg = Debug|Any CPU
		{330AF988-4DF8-46EA-99A2-A1ABC7E48078}.Debug|Any CPU.Build.0 = Debug|Any CPU
		{330AF988-4DF8-46EA-99A2-A1ABC7E48078}.Release|Any CPU.ActiveCfg = Release|Any CPU
		{330AF988-4DF8-46EA-99A2-A1ABC7E48078}.Release|Any CPU.Build.0 = Release|Any CPU
	EndGlobalSection
	GlobalSection(SolutionProperties) = preSolution
		HideSolutionNode = FALSE
	EndGlobalSection
	GlobalSection(ExtensibilityGlobals) = postSolution
		SolutionGuid = {D3F0F2AB-4E3C-4C87-9EFF-BFAD7E594B81}
	EndGlobalSection
EndGlobal
